
Microsoft Visual Studio Solution File, Format Version 12.00
# Visual Studio Version 17
VisualStudioVersion = 17.5.002.0
MinimumVisualStudioVersion = 10.0.40219.1
Project("{9A19103F-16F7-4668-BE54-9A1E7A4F7556}") = "MyNetApp", "MyNetApp.csproj", "{853FE5B4-A8EF-412C-B9E5-F68EC49B43C9}"
EndProject
Global
	GlobalSection(SolutionConfigurationPlatforms) = preSolution
		Debug|Any CPU = Debug|Any CPU
		Release|Any CPU = Release|Any CPU
	EndGlobalSection
	GlobalSection(ProjectConfigurationPlatforms) = postSolution
		{853FE5B4-A8EF-412C-B9E5-F68EC49B43C9}.Debug|Any CPU.ActiveCfg = Debug|Any CPU
		{853FE5B4-A8EF-412C-B9E5-F68EC49B43C9}.Debug|Any CPU.Build.0 = Debug|Any CPU
		{853FE5B4-A8EF-412C-B9E5-F68EC49B43C9}.Release|Any CPU.ActiveCfg = Release|Any CPU
		{853FE5B4-A8EF-412C-B9E5-F68EC49B43C9}.Release|Any CPU.Build.0 = Release|Any CPU
	EndGlobalSection
	GlobalSection(SolutionProperties) = preSolution
		HideSolutionNode = FALSE
	EndGlobalSection
	GlobalSection(ExtensibilityGlobals) = postSolution
		SolutionGuid = {328CF31F-3C47-47C5-8370-94B70568FFD0}
	EndGlobalSection
EndGlobal
